
Microsoft Visual Studio Solution File, Format Version 12.00
# Visual Studio Version 16
VisualStudioVersion = 16.0.28822.285
MinimumVisualStudioVersion = 10.0.40219.1
Project("{FAE04EC0-301F-11D3-BF4B-00C04F79EFBC}") = "Billing System", "Billing System\Billing System.csproj", "{51A1EF7D-CA35-416B-8555-5FC0C34383DE}"
EndProject
Project("{FAE04EC0-301F-11D3-BF4B-00C04F79EFBC}") = "DataLayer", "DataLayer\DataLayer.csproj", "{63589478-24D3-4C1C-8C85-8898623BD878}"
EndProject
Project("{FAE04EC0-301F-11D3-BF4B-00C04F79EFBC}") = "BusinessEntity", "BusinessEntity\BusinessEntity.csproj", "{4EEEB6EF-A608-4D40-9E63-B32FEF75B608}"
EndProject
Global
	GlobalSection(SolutionConfigurationPlatforms) = preSolution
		Debug|Any CPU = Debug|Any CPU
		Release|Any CPU = Release|Any CPU
	EndGlobalSection
	GlobalSection(ProjectConfigurationPlatforms) = postSolution
		{51A1EF7D-CA35-416B-8555-5FC0C34383DE}.Debug|Any CPU.ActiveCfg = Debug|Any CPU
		{51A1EF7D-CA35-416B-8555-5FC0C34383DE}.Debug|Any CPU.Build.0 = Debug|Any CPU
		{51A1EF7D-CA35-416B-8555-5FC0C34383DE}.Release|Any CPU.ActiveCfg = Release|Any CPU
		{51A1EF7D-CA35-416B-8555-5FC0C34383DE}.Release|Any CPU.Build.0 = Release|Any CPU
		{63589478-24D3-4C1C-8C85-8898623BD878}.Debug|Any CPU.ActiveCfg = Debug|Any CPU
		{63589478-24D3-4C1C-8C85-8898623BD878}.Debug|Any CPU.Build.0 = Debug|Any CPU
		{63589478-24D3-4C1C-8C85-8898623BD878}.Release|Any CPU.ActiveCfg = Release|Any CPU
		{63589478-24D3-4C1C-8C85-8898623BD878}.Release|Any CPU.Build.0 = Release|Any CPU
		{4EEEB6EF-A608-4D40-9E63-B32FEF75B608}.Debug|Any CPU.ActiveCfg = Debug|Any CPU
		{4EEEB6EF-A608-4D40-9E63-B32FEF75B608}.Debug|Any CPU.Build.0 = Debug|Any CPU
		{4EEEB6EF-A608-4D40-9E63-B32FEF75B608}.Release|Any CPU.ActiveCfg = Release|Any CPU
		{4EEEB6EF-A608-4D40-9E63-B32FEF75B608}.Release|Any CPU.Build.0 = Release|Any CPU
	EndGlobalSection
	GlobalSection(SolutionProperties) = preSolution
		HideSolutionNode = FALSE
	EndGlobalSection
	GlobalSection(ExtensibilityGlobals) = postSolution
		SolutionGuid = {0DCFAB04-BBFD-4EC4-BBBD-FDD1F55686DF}
	EndGlobalSection
EndGlobal
